# This file was autogenerated by Stack.
# You should not edit this file by hand.
# For more information, please see the documentation at:
#   https://docs.haskellstack.org/en/stable/lock_files

packages:
- completed:
    hackage: cryptohash-sha512-0.11.100.1@sha256:8279dab0daa2ffaeb0b1a9da02de780f1c19cb0a898241daa2d4d673f5c89b31,4415
    pantry-tree:
      size: 520
      sha256: c50fabfae28a4af485eead2a25df3c191138b0de7bdc9cf2565346800bb6132b
  original:
    hackage: cryptohash-sha512-0.11.100.1@sha256:8279dab0daa2ffaeb0b1a9da02de780f1c19cb0a898241daa2d4d673f5c89b31,4415
snapshots:
- completed:
    size: 567241
    url: https://raw.githubusercontent.com/commercialhaskell/stackage-snapshots/master/lts/17/10.yaml
    sha256: 321b3b9f0c7f76994b39e0dabafdc76478274b4ff74cc5e43d410897a335ad3b
  original:
    url: https://raw.githubusercontent.com/commercialhaskell/stackage-snapshots/master/lts/17/10.yaml
